
Microsoft Visual Studio Solution File, Format Version 11.00
# Visual Studio 2010
Project("{8BC9CEB8-8B4A-11D0-8D11-00A0C91BC942}") = "Engine", "Engine\Engine.vcxproj", "{BEC7B7E9-E562-4507-B4B4-8AE604B842EB}"
EndProject
Global
	GlobalSection(SolutionConfigurationPlatforms) = preSolution
		Debug|Win32 = Debug|Win32
		Release|Win32 = Release|Win32
	EndGlobalSection
	GlobalSection(ProjectConfigurationPlatforms) = postSolution
		{BEC7B7E9-E562-4507-B4B4-8AE604B842EB}.Debug|Win32.ActiveCfg = Debug|Win32
		{BEC7B7E9-E562-4507-B4B4-8AE604B842EB}.Debug|Win32.Build.0 = Debug|Win32
		{BEC7B7E9-E562-4507-B4B4-8AE604B842EB}.Release|Win32.ActiveCfg = Release|Win32
		{BEC7B7E9-E562-4507-B4B4-8AE604B842EB}.Release|Win32.Build.0 = Release|Win32
	EndGlobalSection
	GlobalSection(SolutionProperties) = preSolution
		HideSolutionNode = FALSE
	EndGlobalSection
EndGlobal
