
Microsoft Visual Studio Solution File, Format Version 12.00
# Visual Studio 15
VisualStudioVersion = 15.0.26430.12
MinimumVisualStudioVersion = 10.0.40219.1
Project("{8BC9CEB8-8B4A-11D0-8D11-00A0C91BC942}") = "Engine", "Engine\Engine.vcxproj", "{C6AA7761-B6C7-4581-BA4C-D72BA621FADC}"
EndProject
Global
	GlobalSection(SolutionConfigurationPlatforms) = preSolution
		Debug|Win32 = Debug|Win32
		Release|Win32 = Release|Win32
	EndGlobalSection
	GlobalSection(ProjectConfigurationPlatforms) = postSolution
		{C6AA7761-B6C7-4581-BA4C-D72BA621FADC}.Debug|Win32.ActiveCfg = Debug|Win32
		{C6AA7761-B6C7-4581-BA4C-D72BA621FADC}.Debug|Win32.Build.0 = Debug|Win32
		{C6AA7761-B6C7-4581-BA4C-D72BA621FADC}.Release|Win32.ActiveCfg = Release|Win32
		{C6AA7761-B6C7-4581-BA4C-D72BA621FADC}.Release|Win32.Build.0 = Release|Win32
	EndGlobalSection
	GlobalSection(SolutionProperties) = preSolution
		HideSolutionNode = FALSE
	EndGlobalSection
EndGlobal
